
Microsoft Visual Studio Solution File, Format Version 12.00
# Visual Studio Version 17
VisualStudioVersion = 17.13.35919.96 d17.13
MinimumVisualStudioVersion = 10.0.40219.1
Project("{FAE04EC0-301F-11D3-BF4B-00C04F79EFBC}") = "Harvest.CLI", "Harvest.CLI.csproj", "{571CB4A0-980A-1814-41F0-9D8127EFFDA4}"
EndProject
Global
	GlobalSection(SolutionConfigurationPlatforms) = preSolution
		Debug|Any CPU = Debug|Any CPU
		Release|Any CPU = Release|Any CPU
	EndGlobalSection
	GlobalSection(ProjectConfigurationPlatforms) = postSolution
		{571CB4A0-980A-1814-41F0-9D8127EFFDA4}.Debug|Any CPU.ActiveCfg = Debug|Any CPU
		{571CB4A0-980A-1814-41F0-9D8127EFFDA4}.Debug|Any CPU.Build.0 = Debug|Any CPU
		{571CB4A0-980A-1814-41F0-9D8127EFFDA4}.Release|Any CPU.ActiveCfg = Release|Any CPU
		{571CB4A0-980A-1814-41F0-9D8127EFFDA4}.Release|Any CPU.Build.0 = Release|Any CPU
	EndGlobalSection
	GlobalSection(SolutionProperties) = preSolution
		HideSolutionNode = FALSE
	EndGlobalSection
	GlobalSection(ExtensibilityGlobals) = postSolution
		SolutionGuid = {B5F8148F-6256-446B-BBF7-14BAD6ACD6D0}
	EndGlobalSection
EndGlobal
